
Microsoft Visual Studio Solution File, Format Version 12.00
# Visual Studio 15
VisualStudioVersion = 15.0.26430.16
MinimumVisualStudioVersion = 10.0.40219.1
Project("{FAE04EC0-301F-11D3-BF4B-00C04F79EFBC}") = "human_recognition_app.Android", "human_recognition_app\human_recognition_app.Android\human_recognition_app.Android.csproj", "{BC048485-F963-4D5B-8EF4-F5887AEE3F55}"
EndProject
Project("{FAE04EC0-301F-11D3-BF4B-00C04F79EFBC}") = "human_recognition_app", "human_recognition_app\human_recognition_app\human_recognition_app.csproj", "{1E9F51E3-1B82-464A-8FE0-2FE180BA1C52}"
EndProject
Project("{FAE04EC0-301F-11D3-BF4B-00C04F79EFBC}") = "human_recognition_app.iOS", "human_recognition_app\human_recognition_app.iOS\human_recognition_app.iOS.csproj", "{E7EBFDF3-22DC-481F-A55A-071801B3A533}"
EndProject
Global
	GlobalSection(SolutionConfigurationPlatforms) = preSolution
		Ad-Hoc|Any CPU = Ad-Hoc|Any CPU
		Ad-Hoc|iPhone = Ad-Hoc|iPhone
		Ad-Hoc|iPhoneSimulator = Ad-Hoc|iPhoneSimulator
		AppStore|Any CPU = AppStore|Any CPU
		AppStore|iPhone = AppStore|iPhone
		AppStore|iPhoneSimulator = AppStore|iPhoneSimulator
		Debug|Any CPU = Debug|Any CPU
		Debug|iPhone = Debug|iPhone
		Debug|iPhoneSimulator = Debug|iPhoneSimulator
		Release|Any CPU = Release|Any CPU
		Release|iPhone = Release|iPhone
		Release|iPhoneSimulator = Release|iPhoneSimulator
	EndGlobalSection
	GlobalSection(ProjectConfigurationPlatforms) = postSolution
		{BC048485-F963-4D5B-8EF4-F5887AEE3F55}.Ad-Hoc|Any CPU.ActiveCfg = Release|Any CPU
		{BC048485-F963-4D5B-8EF4-F5887AEE3F55}.Ad-Hoc|Any CPU.Build.0 = Release|Any CPU
		{BC048485-F963-4D5B-8EF4-F5887AEE3F55}.Ad-Hoc|Any CPU.Deploy.0 = Release|Any CPU
		{BC048485-F963-4D5B-8EF4-F5887AEE3F55}.Ad-Hoc|iPhone.ActiveCfg = Release|Any CPU
		{BC048485-F963-4D5B-8EF4-F5887AEE3F55}.Ad-Hoc|iPhone.Build.0 = Release|Any CPU
		{BC048485-F963-4D5B-8EF4-F5887AEE3F55}.Ad-Hoc|iPhone.Deploy.0 = Release|Any CPU
		{BC048485-F963-4D5B-8EF4-F5887AEE3F55}.Ad-Hoc|iPhoneSimulator.ActiveCfg = Release|Any CPU
		{BC048485-F963-4D5B-8EF4-F5887AEE3F55}.Ad-Hoc|iPhoneSimulator.Build.0 = Release|Any CPU
		{BC048485-F963-4D5B-8EF4-F5887AEE3F55}.Ad-Hoc|iPhoneSimulator.Deploy.0 = Release|Any CPU
		{BC048485-F963-4D5B-8EF4-F5887AEE3F55}.AppStore|Any CPU.ActiveCfg = Release|Any CPU
		{BC048485-F963-4D5B-8EF4-F5887AEE3F55}.AppStore|Any CPU.Build.0 = Release|Any CPU
		{BC048485-F963-4D5B-8EF4-F5887AEE3F55}.AppStore|Any CPU.Deploy.0 = Release|Any CPU
		{BC048485-F963-4D5B-8EF4-F5887AEE3F55}.AppStore|iPhone.ActiveCfg = Release|Any CPU
		{BC048485-F963-4D5B-8EF4-F5887AEE3F55}.AppStore|iPhone.Build.0 = Release|Any CPU
		{BC048485-F963-4D5B-8EF4-F5887AEE3F55}.AppStore|iPhone.Deploy.0 = Release|Any CPU
		{BC048485-F963-4D5B-8EF4-F5887AEE3F55}.AppStore|iPhoneSimulator.ActiveCfg = Release|Any CPU
		{BC048485-F963-4D5B-8EF4-F5887AEE3F55}.AppStore|iPhoneSimulator.Build.0 = Release|Any CPU
		{BC048485-F963-4D5B-8EF4-F5887AEE3F55}.AppStore|iPhoneSimulator.Deploy.0 = Release|Any CPU
		{BC048485-F963-4D5B-8EF4-F5887AEE3F55}.Debug|Any CPU.ActiveCfg = Debug|Any CPU
		{BC048485-F963-4D5B-8EF4-F5887AEE3F55}.Debug|Any CPU.Build.0 = Debug|Any CPU
		{BC048485-F963-4D5B-8EF4-F5887AEE3F55}.Debug|Any CPU.Deploy.0 = Debug|Any CPU
		{BC048485-F963-4D5B-8EF4-F5887AEE3F55}.Debug|iPhone.ActiveCfg = Debug|Any CPU
		{BC048485-F963-4D5B-8EF4-F5887AEE3F55}.Debug|iPhone.Build.0 = Debug|Any CPU
		{BC048485-F963-4D5B-8EF4-F5887AEE3F55}.Debug|iPhone.Deploy.0 = Debug|Any CPU
		{BC048485-F963-4D5B-8EF4-F5887AEE3F55}.Debug|iPhoneSimulator.ActiveCfg = Debug|Any CPU
		{BC048485-F963-4D5B-8EF4-F5887AEE3F55}.Debug|iPhoneSimulator.Build.0 = Debug|Any CPU
		{BC048485-F963-4D5B-8EF4-F5887AEE3F55}.Debug|iPhoneSimulator.Deploy.0 = Debug|Any CPU
		{BC048485-F963-4D5B-8EF4-F5887AEE3F55}.Release|Any CPU.ActiveCfg = Release|Any CPU
		{BC048485-F963-4D5B-8EF4-F5887AEE3F55}.Release|Any CPU.Build.0 = Release|Any CPU
		{BC048485-F963-4D5B-8EF4-F5887AEE3F55}.Release|Any CPU.Deploy.0 = Release|Any CPU
		{BC048485-F963-4D5B-8EF4-F5887AEE3F55}.Release|iPhone.ActiveCfg = Release|Any CPU
		{BC048485-F963-4D5B-8EF4-F5887AEE3F55}.Release|iPhone.Build.0 = Release|Any CPU
		{BC048485-F963-4D5B-8EF4-F5887AEE3F55}.Release|iPhone.Deploy.0 = Release|Any CPU
		{BC048485-F963-4D5B-8EF4-F5887AEE3F55}.Release|iPhoneSimulator.ActiveCfg = Release|Any CPU
		{BC048485-F963-4D5B-8EF4-F5887AEE3F55}.Release|iPhoneSimulator.Build.0 = Release|Any CPU
		{BC048485-F963-4D5B-8EF4-F5887AEE3F55}.Release|iPhoneSimulator.Deploy.0 = Release|Any CPU
		{1E9F51E3-1B82-464A-8FE0-2FE180BA1C52}.Ad-Hoc|Any CPU.ActiveCfg = Release|Any CPU
		{1E9F51E3-1B82-464A-8FE0-2FE180BA1C52}.Ad-Hoc|Any CPU.Build.0 = Release|Any CPU
		{1E9F51E3-1B82-464A-8FE0-2FE180BA1C52}.Ad-Hoc|iPhone.ActiveCfg = Release|Any CPU
		{1E9F51E3-1B82-464A-8FE0-2FE180BA1C52}.Ad-Hoc|iPhone.Build.0 = Release|Any CPU
		{1E9F51E3-1B82-464A-8FE0-2FE180BA1C52}.Ad-Hoc|iPhoneSimulator.ActiveCfg = Release|Any CPU
		{1E9F51E3-1B82-464A-8FE0-2FE180BA1C52}.Ad-Hoc|iPhoneSimulator.Build.0 = Release|Any CPU
		{1E9F51E3-1B82-464A-8FE0-2FE180BA1C52}.AppStore|Any CPU.ActiveCfg = Release|Any CPU
		{1E9F51E3-1B82-464A-8FE0-2FE180BA1C52}.AppStore|Any CPU.Build.0 = Release|Any CPU
		{1E9F51E3-1B82-464A-8FE0-2FE180BA1C52}.AppStore|iPhone.ActiveCfg = Release|Any CPU
		{1E9F51E3-1B82-464A-8FE0-2FE180BA1C52}.AppStore|iPhone.Build.0 = Release|Any CPU
		{1E9F51E3-1B82-464A-8FE0-2FE180BA1C52}.AppStore|iPhoneSimulator.ActiveCfg = Release|Any CPU
		{1E9F51E3-1B82-464A-8FE0-2FE180BA1C52}.AppStore|iPhoneSimulator.Build.0 = Release|Any CPU
		{1E9F51E3-1B82-464A-8FE0-2FE180BA1C52}.Debug|Any CPU.ActiveCfg = Debug|Any CPU
		{1E9F51E3-1B82-464A-8FE0-2FE180BA1C52}.Debug|Any CPU.Build.0 = Debug|Any CPU
		{1E9F51E3-1B82-464A-8FE0-2FE180BA1C52}.Debug|iPhone.ActiveCfg = Debug|Any CPU
		{1E9F51E3-1B82-464A-8FE0-2FE180BA1C52}.Debug|iPhone.Build.0 = Debug|Any CPU
		{1E9F51E3-1B82-464A-8FE0-2FE180BA1C52}.Debug|iPhoneSimulator.ActiveCfg = Debug|Any CPU
		{1E9F51E3-1B82-464A-8FE0-2FE180BA1C52}.Debug|iPhoneSimulator.Build.0 = Debug|Any CPU
		{1E9F51E3-1B82-464A-8FE0-2FE180BA1C52}.Release|Any CPU.ActiveCfg = Release|Any CPU
		{1E9F51E3-1B82-464A-8FE0-2FE180BA1C52}.Release|Any CPU.Build.0 = Release|Any CPU
		{1E9F51E3-1B82-464A-8FE0-2FE180BA1C52}.Release|iPhone.ActiveCfg = Release|Any CPU
		{1E9F51E3-1B82-464A-8FE0-2FE180BA1C52}.Release|iPhone.Build.0 = Release|Any CPU
		{1E9F51E3-1B82-464A-8FE0-2FE180BA1C52}.Release|iPhoneSimulator.ActiveCfg = Release|Any CPU
		{1E9F51E3-1B82-464A-8FE0-2FE180BA1C52}.Release|iPhoneSimulator.Build.0 = Release|Any CPU
		{E7EBFDF3-22DC-481F-A55A-071801B3A533}.Ad-Hoc|Any CPU.ActiveCfg = Ad-Hoc|iPhone
		{E7EBFDF3-22DC-481F-A55A-071801B3A533}.Ad-Hoc|iPhone.ActiveCfg = Ad-Hoc|iPhone
		{E7EBFDF3-22DC-481F-A55A-071801B3A533}.Ad-Hoc|iPhone.Build.0 = Ad-Hoc|iPhone
		{E7EBFDF3-22DC-481F-A55A-071801B3A533}.Ad-Hoc|iPhoneSimulator.ActiveCfg = Ad-Hoc|iPhoneSimulator
		{E7EBFDF3-22DC-481F-A55A-071801B3A533}.Ad-Hoc|iPhoneSimulator.Build.0 = Ad-Hoc|iPhoneSimulator
		{E7EBFDF3-22DC-481F-A55A-071801B3A533}.AppStore|Any CPU.ActiveCfg = AppStore|iPhone
		{E7EBFDF3-22DC-481F-A55A-071801B3A533}.AppStore|iPhone.ActiveCfg = AppStore|iPhone
		{E7EBFDF3-22DC-481F-A55A-071801B3A533}.AppStore|iPhone.Build.0 = AppStore|iPhone
		{E7EBFDF3-22DC-481F-A55A-071801B3A533}.AppStore|iPhoneSimulator.ActiveCfg = AppStore|iPhoneSimulator
		{E7EBFDF3-22DC-481F-A55A-071801B3A533}.AppStore|iPhoneSimulator.Build.0 = AppStore|iPhoneSimulator
		{E7EBFDF3-22DC-481F-A55A-071801B3A533}.Debug|Any CPU.ActiveCfg = Debug|iPhone
		{E7EBFDF3-22DC-481F-A55A-071801B3A533}.Debug|iPhone.ActiveCfg = Debug|iPhone
		{E7EBFDF3-22DC-481F-A55A-071801B3A533}.Debug|iPhone.Build.0 = Debug|iPhone
		{E7EBFDF3-22DC-481F-A55A-071801B3A533}.Debug|iPhoneSimulator.ActiveCfg = Debug|iPhoneSimulator
		{E7EBFDF3-22DC-481F-A55A-071801B3A533}.Debug|iPhoneSimulator.Build.0 = Debug|iPhoneSimulator
		{E7EBFDF3-22DC-481F-A55A-071801B3A533}.Release|Any CPU.ActiveCfg = Release|iPhone
		{E7EBFDF3-22DC-481F-A55A-071801B3A533}.Release|iPhone.ActiveCfg = Release|iPhone
		{E7EBFDF3-22DC-481F-A55A-071801B3A533}.Release|iPhone.Build.0 = Release|iPhone
		{E7EBFDF3-22DC-481F-A55A-071801B3A533}.Release|iPhoneSimulator.ActiveCfg = Release|iPhoneSimulator
		{E7EBFDF3-22DC-481F-A55A-071801B3A533}.Release|iPhoneSimulator.Build.0 = Release|iPhoneSimulator
	EndGlobalSection
	GlobalSection(SolutionProperties) = preSolution
		HideSolutionNode = FALSE
	EndGlobalSection
EndGlobal
